// !$*UTF8*$!
{
	archiveVersion = 1;
	classes = {
	};
	objectVersion = 46;
	objects = {

/* Begin PBXBuildFile section */
		152C99EC63802BCDC5C7E5AB /* libPods-MultiPackage.a in Frameworks */ = {isa = PBXBuildFile; fileRef = DE1900B22E2DB162B9ECDC67 /* libPods-MultiPackage.a */; };
		607A415B1EE698090058C730 /* custom.xcassets in Resources */ = {isa = PBXBuildFile; fileRef = 607A415A1EE698090058C730 /* custom.xcassets */; };
		607A415E1EE6A1590058C730 /* custom.plist in Resources */ = {isa = PBXBuildFile; fileRef = 607A415D1EE6A1590058C730 /* custom.plist */; };
		60FCEA4F1EE5442D00A64C96 /* main.m in Sources */ = {isa = PBXBuildFile; fileRef = 60FCEA4E1EE5442D00A64C96 /* main.m */; };
		60FCEA521EE5442D00A64C96 /* AppDelegate.m in Sources */ = {isa = PBXBuildFile; fileRef = 60FCEA511EE5442D00A64C96 /* AppDelegate.m */; };
		60FCEA551EE5442D00A64C96 /* ViewController.m in Sources */ = {isa = PBXBuildFile; fileRef = 60FCEA541EE5442D00A64C96 /* ViewController.m */; };
		60FCEA581EE5442D00A64C96 /* Main.storyboard in Resources */ = {isa = PBXBuildFile; fileRef = 60FCEA561EE5442D00A64C96 /* Main.storyboard */; };
		60FCEA5A1EE5442D00A64C96 /* Assets.xcassets in Resources */ = {isa = PBXBuildFile; fileRef = 60FCEA591EE5442D00A64C96 /* Assets.xcassets */; };
		60FCEA5D1EE5442D00A64C96 /* LaunchScreen.storyboard in Resources */ = {isa = PBXBuildFile; fileRef = 60FCEA5B1EE5442D00A64C96 /* LaunchScreen.storyboard */; };
		60FCEA681EE5442D00A64C96 /* MultiPackageTests.m in Sources */ = {isa = PBXBuildFile; fileRef = 60FCEA671EE5442D00A64C96 /* MultiPackageTests.m */; };
		60FCEA731EE5442D00A64C96 /* MultiPackageUITests.m in Sources */ = {isa = PBXBuildFile; fileRef = 60FCEA721EE5442D00A64C96 /* MultiPackageUITests.m */; };
/* End PBXBuildFile section */

/* Begin PBXContainerItemProxy section */
		60FCEA641EE5442D00A64C96 /* PBXContainerItemProxy */ = {
			isa = PBXContainerItemProxy;
			containerPortal = 60FCEA421EE5442C00A64C96 /* Project object */;
			proxyType = 1;
			remoteGlobalIDString = 60FCEA491EE5442D00A64C96;
			remoteInfo = MultiPackage;
		};
		60FCEA6F1EE5442D00A64C96 /* PBXContainerItemProxy */ = {
			isa = PBXContainerItemProxy;
			containerPortal = 60FCEA421EE5442C00A64C96 /* Project object */;
			proxyType = 1;
			remoteGlobalIDString = 60FCEA491EE5442D00A64C96;
			remoteInfo = MultiPackage;
		};
/* End PBXContainerItemProxy section */

/* Begin PBXFileReference section */
		4FB55D0C22AEF87D672C3861 /* Pods-MultiPackage.debug.xcconfig */ = {isa = PBXFileReference; includeInIndex = 1; lastKnownFileType = text.xcconfig; name = "Pods-MultiPackage.debug.xcconfig"; path = "Pods/Target Support Files/Pods-MultiPackage/Pods-MultiPackage.debug.xcconfig"; sourceTree = "<group>"; };
		607A415A1EE698090058C730 /* custom.xcassets */ = {isa = PBXFileReference; lastKnownFileType = folder.assetcatalog; path = custom.xcassets; sourceTree = "<group>"; };
		607A415C1EE69A1E0058C730 /* custom_syjcy.xcassets */ = {isa = PBXFileReference; lastKnownFileType = folder.assetcatalog; name = custom_syjcy.xcassets; path = PackageCmd/MCResources/syjcy/custom_syjcy.xcassets; sourceTree = "<group>"; };
		607A415D1EE6A1590058C730 /* custom.plist */ = {isa = PBXFileReference; fileEncoding = 4; lastKnownFileType = text.plist.xml; path = custom.plist; sourceTree = "<group>"; };
		607A41631EE6A5A30058C730 /* custom_syjcy.plist */ = {isa = PBXFileReference; lastKnownFileType = text.plist.xml; name = custom_syjcy.plist; path = PackageCmd/MCResources/syjcy/custom_syjcy.plist; sourceTree = "<group>"; };
		60FCEA4A1EE5442D00A64C96 /* MultiPackage.app */ = {isa = PBXFileReference; explicitFileType = wrapper.application; includeInIndex = 0; path = MultiPackage.app; sourceTree = BUILT_PRODUCTS_DIR; };
		60FCEA4E1EE5442D00A64C96 /* main.m */ = {isa = PBXFileReference; lastKnownFileType = sourcecode.c.objc; path = main.m; sourceTree = "<group>"; };
		60FCEA501EE5442D00A64C96 /* AppDelegate.h */ = {isa = PBXFileReference; lastKnownFileType = sourcecode.c.h; path = AppDelegate.h; sourceTree = "<group>"; };
		60FCEA511EE5442D00A64C96 /* AppDelegate.m */ = {isa = PBXFileReference; lastKnownFileType = sourcecode.c.objc; path = AppDelegate.m; sourceTree = "<group>"; };
		60FCEA531EE5442D00A64C96 /* ViewController.h */ = {isa = PBXFileReference; lastKnownFileType = sourcecode.c.h; path = ViewController.h; sourceTree = "<group>"; };
		60FCEA541EE5442D00A64C96 /* ViewController.m */ = {isa = PBXFileReference; lastKnownFileType = sourcecode.c.objc; path = ViewController.m; sourceTree = "<group>"; };
		60FCEA571EE5442D00A64C96 /* Base */ = {isa = PBXFileReference; lastKnownFileType = file.storyboard; name = Base; path = Base.lproj/Main.storyboard; sourceTree = "<group>"; };
		60FCEA591EE5442D00A64C96 /* Assets.xcassets */ = {isa = PBXFileReference; lastKnownFileType = folder.assetcatalog; path = Assets.xcassets; sourceTree = "<group>"; };
		60FCEA5C1EE5442D00A64C96 /* Base */ = {isa = PBXFileReference; lastKnownFileType = file.storyboard; name = Base; path = Base.lproj/LaunchScreen.storyboard; sourceTree = "<group>"; };
		60FCEA5E1EE5442D00A64C96 /* Info.plist */ = {isa = PBXFileReference; lastKnownFileType = text.plist.xml; path = Info.plist; sourceTree = "<group>"; };
		60FCEA631EE5442D00A64C96 /* MultiPackageTests.xctest */ = {isa = PBXFileReference; explicitFileType = wrapper.cfbundle; includeInIndex = 0; path = MultiPackageTests.xctest; sourceTree = BUILT_PRODUCTS_DIR; };
		60FCEA671EE5442D00A64C96 /* MultiPackageTests.m */ = {isa = PBXFileReference; lastKnownFileType = sourcecode.c.objc; path = MultiPackageTests.m; sourceTree = "<group>"; };
		60FCEA691EE5442D00A64C96 /* Info.plist */ = {isa = PBXFileReference; lastKnownFileType = text.plist.xml; path = Info.plist; sourceTree = "<group>"; };
		60FCEA6E1EE5442D00A64C96 /* MultiPackageUITests.xctest */ = {isa = PBXFileReference; explicitFileType = wrapper.cfbundle; includeInIndex = 0; path = MultiPackageUITests.xctest; sourceTree = BUILT_PRODUCTS_DIR; };
		60FCEA721EE5442D00A64C96 /* MultiPackageUITests.m */ = {isa = PBXFileReference; lastKnownFileType = sourcecode.c.objc; path = MultiPackageUITests.m; sourceTree = "<group>"; };
		60FCEA741EE5442D00A64C96 /* Info.plist */ = {isa = PBXFileReference; lastKnownFileType = text.plist.xml; path = Info.plist; sourceTree = "<group>"; };
		6AF8415DE39431F874668C39 /* Pods-MultiPackage.release.xcconfig */ = {isa = PBXFileReference; includeInIndex = 1; lastKnownFileType = text.xcconfig; name = "Pods-MultiPackage.release.xcconfig"; path = "Pods/Target Support Files/Pods-MultiPackage/Pods-MultiPackage.release.xcconfig"; sourceTree = "<group>"; };
		DE1900B22E2DB162B9ECDC67 /* libPods-MultiPackage.a */ = {isa = PBXFileReference; explicitFileType = archive.ar; includeInIndex = 0; path = "libPods-MultiPackage.a"; sourceTree = BUILT_PRODUCTS_DIR; };
/* End PBXFileReference section */

/* Begin PBXFrameworksBuildPhase section */
		60FCEA471EE5442D00A64C96 /* Frameworks */ = {
			isa = PBXFrameworksBuildPhase;
			buildActionMask = 2147483647;
			files = (
				152C99EC63802BCDC5C7E5AB /* libPods-MultiPackage.a in Frameworks */,
			);
			runOnlyForDeploymentPostprocessing = 0;
		};
		60FCEA601EE5442D00A64C96 /* Frameworks */ = {
			isa = PBXFrameworksBuildPhase;
			buildActionMask = 2147483647;
			files = (
			);
			runOnlyForDeploymentPostprocessing = 0;
		};
		60FCEA6B1EE5442D00A64C96 /* Frameworks */ = {
			isa = PBXFrameworksBuildPhase;
			buildActionMask = 2147483647;
			files = (
			);
			runOnlyForDeploymentPostprocessing = 0;
		};
/* End PBXFrameworksBuildPhase section */

/* Begin PBXGroup section */
		607A41591EE68F980058C730 /* MCResources */ = {
			isa = PBXGroup;
			children = (
				607A415A1EE698090058C730 /* custom.xcassets */,
				607A415D1EE6A1590058C730 /* custom.plist */,
			);
			path = MCResources;
			sourceTree = "<group>";
		};
		607A415F1EE6A3220058C730 /* MCCustoms */ = {
			isa = PBXGroup;
			children = (
				607A415C1EE69A1E0058C730 /* custom_syjcy.xcassets */,
				607A41631EE6A5A30058C730 /* custom_syjcy.plist */,
			);
			name = MCCustoms;
			sourceTree = "<group>";
		};
		60FCEA411EE5442C00A64C96 = {
			isa = PBXGroup;
			children = (
				607A415F1EE6A3220058C730 /* MCCustoms */,
				60FCEA4C1EE5442D00A64C96 /* MultiPackage */,
				60FCEA661EE5442D00A64C96 /* MultiPackageTests */,
				60FCEA711EE5442D00A64C96 /* MultiPackageUITests */,
				60FCEA4B1EE5442D00A64C96 /* Products */,
				C75B78EA9E63FC41D7F1631D /* Pods */,
				9037EF0E54110F9D1C26744F /* Frameworks */,
			);
			sourceTree = "<group>";
		};
		60FCEA4B1EE5442D00A64C96 /* Products */ = {
			isa = PBXGroup;
			children = (
				60FCEA4A1EE5442D00A64C96 /* MultiPackage.app */,
				60FCEA631EE5442D00A64C96 /* MultiPackageTests.xctest */,
				60FCEA6E1EE5442D00A64C96 /* MultiPackageUITests.xctest */,
			);
			name = Products;
			sourceTree = "<group>";
		};
		60FCEA4C1EE5442D00A64C96 /* MultiPackage */ = {
			isa = PBXGroup;
			children = (
				607A41591EE68F980058C730 /* MCResources */,
				60FCEA501EE5442D00A64C96 /* AppDelegate.h */,
				60FCEA511EE5442D00A64C96 /* AppDelegate.m */,
				60FCEA531EE5442D00A64C96 /* ViewController.h */,
				60FCEA541EE5442D00A64C96 /* ViewController.m */,
				60FCEA561EE5442D00A64C96 /* Main.storyboard */,
				60FCEA591EE5442D00A64C96 /* Assets.xcassets */,
				60FCEA5B1EE5442D00A64C96 /* LaunchScreen.storyboard */,
				60FCEA5E1EE5442D00A64C96 /* Info.plist */,
				60FCEA4D1EE5442D00A64C96 /* Supporting Files */,
			);
			path = MultiPackage;
			sourceTree = "<group>";
		};
		60FCEA4D1EE5442D00A64C96 /* Supporting Files */ = {
			isa = PBXGroup;
			children = (
				60FCEA4E1EE5442D00A64C96 /* main.m */,
			);
			name = "Supporting Files";
			sourceTree = "<group>";
		};
		60FCEA661EE5442D00A64C96 /* MultiPackageTests */ = {
			isa = PBXGroup;
			children = (
				60FCEA671EE5442D00A64C96 /* MultiPackageTests.m */,
				60FCEA691EE5442D00A64C96 /* Info.plist */,
			);
			path = MultiPackageTests;
			sourceTree = "<group>";
		};
		60FCEA711EE5442D00A64C96 /* MultiPackageUITests */ = {
			isa = PBXGroup;
			children = (
				60FCEA721EE5442D00A64C96 /* MultiPackageUITests.m */,
				60FCEA741EE5442D00A64C96 /* Info.plist */,
			);
			path = MultiPackageUITests;
			sourceTree = "<group>";
		};
		9037EF0E54110F9D1C26744F /* Frameworks */ = {
			isa = PBXGroup;
			children = (
				DE1900B22E2DB162B9ECDC67 /* libPods-MultiPackage.a */,
			);
			name = Frameworks;
			sourceTree = "<group>";
		};
		C75B78EA9E63FC41D7F1631D /* Pods */ = {
			isa = PBXGroup;
			children = (
				4FB55D0C22AEF87D672C3861 /* Pods-MultiPackage.debug.xcconfig */,
				6AF8415DE39431F874668C39 /* Pods-MultiPackage.release.xcconfig */,
			);
			name = Pods;
			sourceTree = "<group>";
		};
/* End PBXGroup section */

/* Begin PBXNativeTarget section */
		60FCEA491EE5442D00A64C96 /* MultiPackage */ = {
			isa = PBXNativeTarget;
			buildConfigurationList = 60FCEA771EE5442D00A64C96 /* Build configuration list for PBXNativeTarget "MultiPackage" */;
			buildPhases = (
				5CA6677D8B6D8A40FAE8AEB7 /* [CP] Check Pods Manifest.lock */,
				60FCEA461EE5442D00A64C96 /* Sources */,
				60FCEA471EE5442D00A64C96 /* Frameworks */,
				60FCEA481EE5442D00A64C96 /* Resources */,
				23C7C95449C922DD8A14322C /* [CP] Embed Pods Frameworks */,
				53507EC578A383341BA31046 /* [CP] Copy Pods Resources */,
			);
			buildRules = (
			);
			dependencies = (
			);
			name = MultiPackage;
			productName = MultiPackage;
			productReference = 60FCEA4A1EE5442D00A64C96 /* MultiPackage.app */;
			productType = "com.apple.product-type.application";
		};
		60FCEA621EE5442D00A64C96 /* MultiPackageTests */ = {
			isa = PBXNativeTarget;
			buildConfigurationList = 60FCEA7A1EE5442D00A64C96 /* Build configuration list for PBXNativeTarget "MultiPackageTests" */;
			buildPhases = (
				60FCEA5F1EE5442D00A64C96 /* Sources */,
				60FCEA601EE5442D00A64C96 /* Frameworks */,
				60FCEA611EE5442D00A64C96 /* Resources */,
			);
			buildRules = (
			);
			dependencies = (
				60FCEA651EE5442D00A64C96 /* PBXTargetDependency */,
			);
			name = MultiPackageTests;
			productName = MultiPackageTests;
			productReference = 60FCEA631EE5442D00A64C96 /* MultiPackageTests.xctest */;
			productType = "com.apple.product-type.bundle.unit-test";
		};
		60FCEA6D1EE5442D00A64C96 /* MultiPackageUITests */ = {
			isa = PBXNativeTarget;
			buildConfigurationList = 60FCEA7D1EE5442D00A64C96 /* Build configuration list for PBXNativeTarget "MultiPackageUITests" */;
			buildPhases = (
				60FCEA6A1EE5442D00A64C96 /* Sources */,
				60FCEA6B1EE5442D00A64C96 /* Frameworks */,
				60FCEA6C1EE5442D00A64C96 /* Resources */,
			);
			buildRules = (
			);
			dependencies = (
				60FCEA701EE5442D00A64C96 /* PBXTargetDependency */,
			);
			name = MultiPackageUITests;
			productName = MultiPackageUITests;
			productReference = 60FCEA6E1EE5442D00A64C96 /* MultiPackageUITests.xctest */;
			productType = "com.apple.product-type.bundle.ui-testing";
		};
/* End PBXNativeTarget section */

/* Begin PBXProject section */
		60FCEA421EE5442C00A64C96 /* Project object */ = {
			isa = PBXProject;
			attributes = {
				LastUpgradeCheck = 0830;
				ORGANIZATIONNAME = nanhujiaju;
				TargetAttributes = {
					60FCEA491EE5442D00A64C96 = {
						CreatedOnToolsVersion = 8.3.2;
						DevelopmentTeam = M8K6A7692X;
						ProvisioningStyle = Automatic;
					};
					60FCEA621EE5442D00A64C96 = {
						CreatedOnToolsVersion = 8.3.2;
						DevelopmentTeam = M8K6A7692X;
						ProvisioningStyle = Automatic;
						TestTargetID = 60FCEA491EE5442D00A64C96;
					};
					60FCEA6D1EE5442D00A64C96 = {
						CreatedOnToolsVersion = 8.3.2;
						DevelopmentTeam = M8K6A7692X;
						ProvisioningStyle = Automatic;
						TestTargetID = 60FCEA491EE5442D00A64C96;
					};
				};
			};
			buildConfigurationList = 60FCEA451EE5442C00A64C96 /* Build configuration list for PBXProject "MultiPackage" */;
			compatibilityVersion = "Xcode 3.2";
			developmentRegion = English;
			hasScannedForEncodings = 0;
			knownRegions = (
				en,
				Base,
			);
			mainGroup = 60FCEA411EE5442C00A64C96;
			productRefGroup = 60FCEA4B1EE5442D00A64C96 /* Products */;
			projectDirPath = "";
			projectRoot = "";
			targets = (
				60FCEA491EE5442D00A64C96 /* MultiPackage */,
				60FCEA621EE5442D00A64C96 /* MultiPackageTests */,
				60FCEA6D1EE5442D00A64C96 /* MultiPackageUITests */,
			);
		};
/* End PBXProject section */

/* Begin PBXResourcesBuildPhase section */
		60FCEA481EE5442D00A64C96 /* Resources */ = {
			isa = PBXResourcesBuildPhase;
			buildActionMask = 2147483647;
			files = (
				60FCEA5D1EE5442D00A64C96 /* LaunchScreen.storyboard in Resources */,
				607A415E1EE6A1590058C730 /* custom.plist in Resources */,
				60FCEA5A1EE5442D00A64C96 /* Assets.xcassets in Resources */,
				607A415B1EE698090058C730 /* custom.xcassets in Resources */,
				60FCEA581EE5442D00A64C96 /* Main.storyboard in Resources */,
			);
			runOnlyForDeploymentPostprocessing = 0;
		};
		60FCEA611EE5442D00A64C96 /* Resources */ = {
			isa = PBXResourcesBuildPhase;
			buildActionMask = 2147483647;
			files = (
			);
			runOnlyForDeploymentPostprocessing = 0;
		};
		60FCEA6C1EE5442D00A64C96 /* Resources */ = {
			isa = PBXResourcesBuildPhase;
			buildActionMask = 2147483647;
			files = (
			);
			runOnlyForDeploymentPostprocessing = 0;
		};
/* End PBXResourcesBuildPhase section */

/* Begin PBXShellScriptBuildPhase section */
		23C7C95449C922DD8A14322C /* [CP] Embed Pods Frameworks */ = {
			isa = PBXShellScriptBuildPhase;
			buildActionMask = 2147483647;
			files = (
			);
			inputPaths = (
			);
			name = "[CP] Embed Pods Frameworks";
			outputPaths = (
			);
			runOnlyForDeploymentPostprocessing = 0;
			shellPath = /bin/sh;
			shellScript = "\"${SRCROOT}/Pods/Target Support Files/Pods-MultiPackage/Pods-MultiPackage-frameworks.sh\"\n";
			showEnvVarsInLog = 0;
		};
		53507EC578A383341BA31046 /* [CP] Copy Pods Resources */ = {
			isa = PBXShellScriptBuildPhase;
			buildActionMask = 2147483647;
			files = (
			);
			inputPaths = (
			);
			name = "[CP] Copy Pods Resources";
			outputPaths = (
			);
			runOnlyForDeploymentPostprocessing = 0;
			shellPath = /bin/sh;
			shellScript = "\"${SRCROOT}/Pods/Target Support Files/Pods-MultiPackage/Pods-MultiPackage-resources.sh\"\n";
			showEnvVarsInLog = 0;
		};
		5CA6677D8B6D8A40FAE8AEB7 /* [CP] Check Pods Manifest.lock */ = {
			isa = PBXShellScriptBuildPhase;
			buildActionMask = 2147483647;
			files = (
			);
			inputPaths = (
			);
			name = "[CP] Check Pods Manifest.lock";
			outputPaths = (
			);
			runOnlyForDeploymentPostprocessing = 0;
			shellPath = /bin/sh;
			shellScript = "diff \"${PODS_ROOT}/../Podfile.lock\" \"${PODS_ROOT}/Manifest.lock\" > /dev/null\nif [ $? != 0 ] ; then\n    # print error to STDERR\n    echo \"error: The sandbox is not in sync with the Podfile.lock. Run 'pod install' or update your CocoaPods installation.\" >&2\n    exit 1\nfi\n";
			showEnvVarsInLog = 0;
		};
/* End PBXShellScriptBuildPhase section */

/* Begin PBXSourcesBuildPhase section */
		60FCEA461EE5442D00A64C96 /* Sources */ = {
			isa = PBXSourcesBuildPhase;
			buildActionMask = 2147483647;
			files = (
				60FCEA551EE5442D00A64C96 /* ViewController.m in Sources */,
				60FCEA521EE5442D00A64C96 /* AppDelegate.m in Sources */,
				60FCEA4F1EE5442D00A64C96 /* main.m in Sources */,
			);
			runOnlyForDeploymentPostprocessing = 0;
		};
		60FCEA5F1EE5442D00A64C96 /* Sources */ = {
			isa = PBXSourcesBuildPhase;
			buildActionMask = 2147483647;
			files = (
				60FCEA681EE5442D00A64C96 /* MultiPackageTests.m in Sources */,
			);
			runOnlyForDeploymentPostprocessing = 0;
		};
		60FCEA6A1EE5442D00A64C96 /* Sources */ = {
			isa = PBXSourcesBuildPhase;
			buildActionMask = 2147483647;
			files = (
				60FCEA731EE5442D00A64C96 /* MultiPackageUITests.m in Sources */,
			);
			runOnlyForDeploymentPostprocessing = 0;
		};
/* End PBXSourcesBuildPhase section */

/* Begin PBXTargetDependency section */
		60FCEA651EE5442D00A64C96 /* PBXTargetDependency */ = {
			isa = PBXTargetDependency;
			target = 60FCEA491EE5442D00A64C96 /* MultiPackage */;
			targetProxy = 60FCEA641EE5442D00A64C96 /* PBXContainerItemProxy */;
		};
		60FCEA701EE5442D00A64C96 /* PBXTargetDependency */ = {
			isa = PBXTargetDependency;
			target = 60FCEA491EE5442D00A64C96 /* MultiPackage */;
			targetProxy = 60FCEA6F1EE5442D00A64C96 /* PBXContainerItemProxy */;
		};
/* End PBXTargetDependency section */

/* Begin PBXVariantGroup section */
		60FCEA561EE5442D00A64C96 /* Main.storyboard */ = {
			isa = PBXVariantGroup;
			children = (
				60FCEA571EE5442D00A64C96 /* Base */,
			);
			name = Main.storyboard;
			sourceTree = "<group>";
		};
		60FCEA5B1EE5442D00A64C96 /* LaunchScreen.storyboard */ = {
			isa = PBXVariantGroup;
			children = (
				60FCEA5C1EE5442D00A64C96 /* Base */,
			);
			name = LaunchScreen.storyboard;
			sourceTree = "<group>";
		};
/* End PBXVariantGroup section */

/* Begin XCBuildConfiguration section */
		60FCEA751EE5442D00A64C96 /* Debug */ = {
			isa = XCBuildConfiguration;
			buildSettings = {
				ALWAYS_SEARCH_USER_PATHS = NO;
				CLANG_ANALYZER_NONNULL = YES;
				CLANG_ANALYZER_NUMBER_OBJECT_CONVERSION = YES_AGGRESSIVE;
				CLANG_CXX_LANGUAGE_STANDARD = "gnu++0x";
				CLANG_CXX_LIBRARY = "libc++";
				CLANG_ENABLE_MODULES = YES;
				CLANG_ENABLE_OBJC_ARC = YES;
				CLANG_WARN_BOOL_CONVERSION = YES;
				CLANG_WARN_CONSTANT_CONVERSION = YES;
				CLANG_WARN_DIRECT_OBJC_ISA_USAGE = YES_ERROR;
				CLANG_WARN_DOCUMENTATION_COMMENTS = YES;
				CLANG_WARN_EMPTY_BODY = YES;
				CLANG_WARN_ENUM_CONVERSION = YES;
				CLANG_WARN_INFINITE_RECURSION = YES;
				CLANG_WARN_INT_CONVERSION = YES;
				CLANG_WARN_OBJC_ROOT_CLASS = YES_ERROR;
				CLANG_WARN_SUSPICIOUS_MOVE = YES;
				CLANG_WARN_UNREACHABLE_CODE = YES;
				CLANG_WARN__DUPLICATE_METHOD_MATCH = YES;
				"CODE_SIGN_IDENTITY[sdk=iphoneos*]" = "iPhone Developer";
				COPY_PHASE_STRIP = NO;
				DEBUG_INFORMATION_FORMAT = dwarf;
				ENABLE_STRICT_OBJC_MSGSEND = YES;
				ENABLE_TESTABILITY = YES;
				GCC_C_LANGUAGE_STANDARD = gnu99;
				GCC_DYNAMIC_NO_PIC = NO;
				GCC_NO_COMMON_BLOCKS = YES;
				GCC_OPTIMIZATION_LEVEL = 0;
				GCC_PREPROCESSOR_DEFINITIONS = (
					"DEBUG=1",
					"$(inherited)",
				);
				GCC_WARN_64_TO_32_BIT_CONVERSION = YES;
				GCC_WARN_ABOUT_RETURN_TYPE = YES_ERROR;
				GCC_WARN_UNDECLARED_SELECTOR = YES;
				GCC_WARN_UNINITIALIZED_AUTOS = YES_AGGRESSIVE;
				GCC_WARN_UNUSED_FUNCTION = YES;
				GCC_WARN_UNUSED_VARIABLE = YES;
				IPHONEOS_DEPLOYMENT_TARGET = 10.3;
				MTL_ENABLE_DEBUG_INFO = YES;
				ONLY_ACTIVE_ARCH = YES;
				SDKROOT = iphoneos;
				TARGETED_DEVICE_FAMILY = "1,2";
			};
			name = Debug;
		};
		60FCEA761EE5442D00A64C96 /* Release */ = {
			isa = XCBuildConfiguration;
			buildSettings = {
				ALWAYS_SEARCH_USER_PATHS = NO;
				CLANG_ANALYZER_NONNULL = YES;
				CLANG_ANALYZER_NUMBER_OBJECT_CONVERSION = YES_AGGRESSIVE;
				CLANG_CXX_LANGUAGE_STANDARD = "gnu++0x";
				CLANG_CXX_LIBRARY = "libc++";
				CLANG_ENABLE_MODULES = YES;
				CLANG_ENABLE_OBJC_ARC = YES;
				CLANG_WARN_BOOL_CONVERSION = YES;
				CLANG_WARN_CONSTANT_CONVERSION = YES;
				CLANG_WARN_DIRECT_OBJC_ISA_USAGE = YES_ERROR;
				CLANG_WARN_DOCUMENTATION_COMMENTS = YES;
				CLANG_WARN_EMPTY_BODY = YES;
				CLANG_WARN_ENUM_CONVERSION = YES;
				CLANG_WARN_INFINITE_RECURSION = YES;
				CLANG_WARN_INT_CONVERSION = YES;
				CLANG_WARN_OBJC_ROOT_CLASS = YES_ERROR;
				CLANG_WARN_SUSPICIOUS_MOVE = YES;
				CLANG_WARN_UNREACHABLE_CODE = YES;
				CLANG_WARN__DUPLICATE_METHOD_MATCH = YES;
				"CODE_SIGN_IDENTITY[sdk=iphoneos*]" = "iPhone Developer";
				COPY_PHASE_STRIP = NO;
				DEBUG_INFORMATION_FORMAT = "dwarf-with-dsym";
				ENABLE_NS_ASSERTIONS = NO;
				ENABLE_STRICT_OBJC_MSGSEND = YES;
				GCC_C_LANGUAGE_STANDARD = gnu99;
				GCC_NO_COMMON_BLOCKS = YES;
				GCC_WARN_64_TO_32_BIT_CONVERSION = YES;
				GCC_WARN_ABOUT_RETURN_TYPE = YES_ERROR;
				GCC_WARN_UNDECLARED_SELECTOR = YES;
				GCC_WARN_UNINITIALIZED_AUTOS = YES_AGGRESSIVE;
				GCC_WARN_UNUSED_FUNCTION = YES;
				GCC_WARN_UNUSED_VARIABLE = YES;
				IPHONEOS_DEPLOYMENT_TARGET = 10.3;
				MTL_ENABLE_DEBUG_INFO = NO;
				SDKROOT = iphoneos;
				TARGETED_DEVICE_FAMILY = "1,2";
				VALIDATE_PRODUCT = YES;
			};
			name = Release;
		};
		60FCEA781EE5442D00A64C96 /* Debug */ = {
			isa = XCBuildConfiguration;
			baseConfigurationReference = 4FB55D0C22AEF87D672C3861 /* Pods-MultiPackage.debug.xcconfig */;
			buildSettings = {
				ASSETCATALOG_COMPILER_APPICON_NAME = AppIcon;
				DEVELOPMENT_TEAM = M8K6A7692X;
				INFOPLIST_FILE = MultiPackage/Info.plist;
				IPHONEOS_DEPLOYMENT_TARGET = 8.0;
				LD_RUNPATH_SEARCH_PATHS = "$(inherited) @executable_path/Frameworks";
				PRODUCT_BUNDLE_IDENTIFIER = com.nanhu.MultiPackage;
				PRODUCT_NAME = "$(TARGET_NAME)";
			};
			name = Debug;
		};
		60FCEA791EE5442D00A64C96 /* Release */ = {
			isa = XCBuildConfiguration;
			baseConfigurationReference = 6AF8415DE39431F874668C39 /* Pods-MultiPackage.release.xcconfig */;
			buildSettings = {
				ASSETCATALOG_COMPILER_APPICON_NAME = AppIcon;
				DEVELOPMENT_TEAM = M8K6A7692X;
				INFOPLIST_FILE = MultiPackage/Info.plist;
				IPHONEOS_DEPLOYMENT_TARGET = 8.0;
				LD_RUNPATH_SEARCH_PATHS = "$(inherited) @executable_path/Frameworks";
				PRODUCT_BUNDLE_IDENTIFIER = com.nanhu.MultiPackage;
				PRODUCT_NAME = "$(TARGET_NAME)";
			};
			name = Release;
		};
		60FCEA7B1EE5442D00A64C96 /* Debug */ = {
			isa = XCBuildConfiguration;
			buildSettings = {
				BUNDLE_LOADER = "$(TEST_HOST)";
				DEVELOPMENT_TEAM = M8K6A7692X;
				INFOPLIST_FILE = MultiPackageTests/Info.plist;
				LD_RUNPATH_SEARCH_PATHS = "$(inherited) @executable_path/Frameworks @loader_path/Frameworks";
				PRODUCT_BUNDLE_IDENTIFIER = com.nanhu.MultiPackageTests;
				PRODUCT_NAME = "$(TARGET_NAME)";
				TEST_HOST = "$(BUILT_PRODUCTS_DIR)/MultiPackage.app/MultiPackage";
			};
			name = Debug;
		};
		60FCEA7C1EE5442D00A64C96 /* Release */ = {
			isa = XCBuildConfiguration;
			buildSettings = {
				BUNDLE_LOADER = "$(TEST_HOST)";
				DEVELOPMENT_TEAM = M8K6A7692X;
				INFOPLIST_FILE = MultiPackageTests/Info.plist;
				LD_RUNPATH_SEARCH_PATHS = "$(inherited) @executable_path/Frameworks @loader_path/Frameworks";
				PRODUCT_BUNDLE_IDENTIFIER = com.nanhu.MultiPackageTests;
				PRODUCT_NAME = "$(TARGET_NAME)";
				TEST_HOST = "$(BUILT_PRODUCTS_DIR)/MultiPackage.app/MultiPackage";
			};
			name = Release;
		};
		60FCEA7E1EE5442D00A64C96 /* Debug */ = {
			isa = XCBuildConfiguration;
			buildSettings = {
				DEVELOPMENT_TEAM = M8K6A7692X;
				INFOPLIST_FILE = MultiPackageUITests/Info.plist;
				LD_RUNPATH_SEARCH_PATHS = "$(inherited) @executable_path/Frameworks @loader_path/Frameworks";
				PRODUCT_BUNDLE_IDENTIFIER = com.nanhu.MultiPackageUITests;
				PRODUCT_NAME = "$(TARGET_NAME)";
				TEST_TARGET_NAME = MultiPackage;
			};
			name = Debug;
		};
		60FCEA7F1EE5442D00A64C96 /* Release */ = {
			isa = XCBuildConfiguration;
			buildSettings = {
				DEVELOPMENT_TEAM = M8K6A7692X;
				INFOPLIST_FILE = MultiPackageUITests/Info.plist;
				LD_RUNPATH_SEARCH_PATHS = "$(inherited) @executable_path/Frameworks @loader_path/Frameworks";
				PRODUCT_BUNDLE_IDENTIFIER = com.nanhu.MultiPackageUITests;
				PRODUCT_NAME = "$(TARGET_NAME)";
				TEST_TARGET_NAME = MultiPackage;
			};
			name = Release;
		};
/* End XCBuildConfiguration section */

/* Begin XCConfigurationList section */
		60FCEA451EE5442C00A64C96 /* Build configuration list for PBXProject "MultiPackage" */ = {
			isa = XCConfigurationList;
			buildConfigurations = (
				60FCEA751EE5442D00A64C96 /* Debug */,
				60FCEA761EE5442D00A64C96 /* Release */,
			);
			defaultConfigurationIsVisible = 0;
			defaultConfigurationName = Release;
		};
		60FCEA771EE5442D00A64C96 /* Build configuration list for PBXNativeTarget "MultiPackage" */ = {
			isa = XCConfigurationList;
			buildConfigurations = (
				60FCEA781EE5442D00A64C96 /* Debug */,
				60FCEA791EE5442D00A64C96 /* Release */,
			);
			defaultConfigurationIsVisible = 0;
			defaultConfigurationName = Release;
		};
		60FCEA7A1EE5442D00A64C96 /* Build configuration list for PBXNativeTarget "MultiPackageTests" */ = {
			isa = XCConfigurationList;
			buildConfigurations = (
				60FCEA7B1EE5442D00A64C96 /* Debug */,
				60FCEA7C1EE5442D00A64C96 /* Release */,
			);
			defaultConfigurationIsVisible = 0;
			defaultConfigurationName = Release;
		};
		60FCEA7D1EE5442D00A64C96 /* Build configuration list for PBXNativeTarget "MultiPackageUITests" */ = {
			isa = XCConfigurationList;
			buildConfigurations = (
				60FCEA7E1EE5442D00A64C96 /* Debug */,
				60FCEA7F1EE5442D00A64C96 /* Release */,
			);
			defaultConfigurationIsVisible = 0;
			defaultConfigurationName = Release;
		};
/* End XCConfigurationList section */
	};
	rootObject = 60FCEA421EE5442C00A64C96 /* Project object */;
}
